
Microsoft Visual Studio Solution File, Format Version 12.00
# Visual Studio Version 17
VisualStudioVersion = 17.8.34408.163
MinimumVisualStudioVersion = 10.0.40219.1
Project("{FAE04EC0-301F-11D3-BF4B-00C04F79EFBC}") = "MSOffice_Media_Extractor", "MSOffice_Media_Extractor\MSOffice_Media_Extractor.csproj", "{0660CB46-84AF-4061-9D2B-7F7C9F9DC9DA}"
EndProject
Global
	GlobalSection(SolutionConfigurationPlatforms) = preSolution
		Debug|Any CPU = Debug|Any CPU
		Release|Any CPU = Release|Any CPU
	EndGlobalSection
	GlobalSection(ProjectConfigurationPlatforms) = postSolution
		{0660CB46-84AF-4061-9D2B-7F7C9F9DC9DA}.Debug|Any CPU.ActiveCfg = Debug|Any CPU
		{0660CB46-84AF-4061-9D2B-7F7C9F9DC9DA}.Debug|Any CPU.Build.0 = Debug|Any CPU
		{0660CB46-84AF-4061-9D2B-7F7C9F9DC9DA}.Release|Any CPU.ActiveCfg = Release|Any CPU
		{0660CB46-84AF-4061-9D2B-7F7C9F9DC9DA}.Release|Any CPU.Build.0 = Release|Any CPU
	EndGlobalSection
	GlobalSection(SolutionProperties) = preSolution
		HideSolutionNode = FALSE
	EndGlobalSection
	GlobalSection(ExtensibilityGlobals) = postSolution
		SolutionGuid = {2C161117-E066-4C58-B959-46F7389591FA}
	EndGlobalSection
EndGlobal
